// !$*UTF8*$!
{
	archiveVersion = 1;
	classes = {
	};
	objectVersion = 56;
	objects = {

/* Begin PBXBuildFile section */
		3EB5975E2F2DCB6400B299D2 /* splitpayApp.swift in Sources */ = {isa = PBXBuildFile; fileRef = 3EB5975D2F2DCB6400B299D2 /* splitpayApp.swift */; };
		3EB597602F2DCB6400B299D2 /* ContentView.swift in Sources */ = {isa = PBXBuildFile; fileRef = 3EB5975F2F2DCB6400B299D2 /* ContentView.swift */; };
		3EB597622F2DCB6700B299D2 /* Assets.xcassets in Resources */ = {isa = PBXBuildFile; fileRef = 3EB597612F2DCB6700B299D2 /* Assets.xcassets */; };
		3EB597662F2DCB6700B299D2 /* Preview Assets.xcassets in Resources */ = {isa = PBXBuildFile; fileRef = 3EB597652F2DCB6700B299D2 /* Preview Assets.xcassets */; };
		3EB597702F2DCB6700B299D2 /* splitpayTests.swift in Sources */ = {isa = PBXBuildFile; fileRef = 3EB5976F2F2DCB6700B299D2 /* splitpayTests.swift */; };
		3EB5977A2F2DCB6700B299D2 /* splitpayUITests.swift in Sources */ = {isa = PBXBuildFile; fileRef = 3EB597792F2DCB6700B299D2 /* splitpayUITests.swift */; };
		3EB5977C2F2DCB6700B299D2 /* splitpayUITestsLaunchTests.swift in Sources */ = {isa = PBXBuildFile; fileRef = 3EB5977B2F2DCB6700B299D2 /* splitpayUITestsLaunchTests.swift */; };
		A1000001AAAAAAAA00000001 /* BillPreview.swift in Sources */ = {isa = PBXBuildFile; fileRef = A1000001BBBBBBBB00000001 /* BillPreview.swift */; };
		A1000002AAAAAAAA00000002 /* CameraPreview.swift in Sources */ = {isa = PBXBuildFile; fileRef = A1000002BBBBBBBB00000002 /* CameraPreview.swift */; };
		A1000003AAAAAAAA00000003 /* DemoNextPage.swift in Sources */ = {isa = PBXBuildFile; fileRef = A1000003BBBBBBBB00000003 /* DemoNextPage.swift */; };
		A1000004AAAAAAAA00000004 /* GroupStatus.swift in Sources */ = {isa = PBXBuildFile; fileRef = A1000004BBBBBBBB00000004 /* GroupStatus.swift */; };
		A1000005AAAAAAAA00000005 /* HomeView.swift in Sources */ = {isa = PBXBuildFile; fileRef = A1000005BBBBBBBB00000005 /* HomeView.swift */; };
		A1000006AAAAAAAA00000006 /* MainHomeView.swift in Sources */ = {isa = PBXBuildFile; fileRef = A1000006BBBBBBBB00000006 /* MainHomeView.swift */; };
		A1000007AAAAAAAA00000007 /* NetworkManager.swift in Sources */ = {isa = PBXBuildFile; fileRef = A1000007BBBBBBBB00000007 /* NetworkManager.swift */; };
		A1000008AAAAAAAA00000008 /* PayBillView.swift in Sources */ = {isa = PBXBuildFile; fileRef = A1000008BBBBBBBB00000008 /* PayBillView.swift */; };
		A1000009AAAAAAAA00000009 /* Payment.swift in Sources */ = {isa = PBXBuildFile; fileRef = A1000009BBBBBBBB00000009 /* Payment.swift */; };
		A100000AAAAAAAAA0000000A /* PaymentSuccess.swift in Sources */ = {isa = PBXBuildFile; fileRef = A100000ABBBBBBBB0000000A /* PaymentSuccess.swift */; };
		A100000BAAAAAAAA0000000B /* Restaurant.swift in Sources */ = {isa = PBXBuildFile; fileRef = A100000BBBBBBBBB0000000B /* Restaurant.swift */; };
		A100000CAAAAAAAA0000000C /* RestaurantViewModel.swift in Sources */ = {isa = PBXBuildFile; fileRef = A100000CBBBBBBBB0000000C /* RestaurantViewModel.swift */; };
		A100000DAAAAAAAA0000000D /* ScanQRView.swift in Sources */ = {isa = PBXBuildFile; fileRef = A100000DBBBBBBBB0000000D /* ScanQRView.swift */; };
		A100000EAAAAAAAA0000000E /* SplashScreenView.swift in Sources */ = {isa = PBXBuildFile; fileRef = A100000EBBBBBBBB0000000E /* SplashScreenView.swift */; };
/* End PBXBuildFile section */

/* Begin PBXContainerItemProxy section */
		3EB5976C2F2DCB6700B299D2 /* PBXContainerItemProxy */ = {
			isa = PBXContainerItemProxy;
			containerPortal = 3EB597522F2DCB6400B299D2 /* Project object */;
			proxyType = 1;
			remoteGlobalIDString = 3EB597592F2DCB6400B299D2;
			remoteInfo = splitpay;
		};
		3EB597762F2DCB6700B299D2 /* PBXContainerItemProxy */ = {
			isa = PBXContainerItemProxy;
			containerPortal = 3EB597522F2DCB6400B299D2 /* Project object */;
			proxyType = 1;
			remoteGlobalIDString = 3EB597592F2DCB6400B299D2;
			remoteInfo = splitpay;
		};
/* End PBXContainerItemProxy section */

/* Begin PBXFileReference section */
		3EB5975A2F2DCB6400B299D2 /* splitpay.app */ = {isa = PBXFileReference; explicitFileType = wrapper.application; includeInIndex = 0; path = splitpay.app; sourceTree = BUILT_PRODUCTS_DIR; };
		3EB5975D2F2DCB6400B299D2 /* splitpayApp.swift */ = {isa = PBXFileReference; lastKnownFileType = sourcecode.swift; path = splitpayApp.swift; sourceTree = "<group>"; };
		3EB5975F2F2DCB6400B299D2 /* ContentView.swift */ = {isa = PBXFileReference; lastKnownFileType = sourcecode.swift; path = ContentView.swift; sourceTree = "<group>"; };
		3EB597612F2DCB6700B299D2 /* Assets.xcassets */ = {isa = PBXFileReference; lastKnownFileType = folder.assetcatalog; path = Assets.xcassets; sourceTree = "<group>"; };
		3EB597632F2DCB6700B299D2 /* splitpay.entitlements */ = {isa = PBXFileReference; lastKnownFileType = text.plist.entitlements; path = splitpay.entitlements; sourceTree = "<group>"; };
		3EB597652F2DCB6700B299D2 /* Preview Assets.xcassets */ = {isa = PBXFileReference; lastKnownFileType = folder.assetcatalog; path = "Preview Assets.xcassets"; sourceTree = "<group>"; };
		3EB5976B2F2DCB6700B299D2 /* splitpayTests.xctest */ = {isa = PBXFileReference; explicitFileType = wrapper.cfbundle; includeInIndex = 0; path = splitpayTests.xctest; sourceTree = BUILT_PRODUCTS_DIR; };
		3EB5976F2F2DCB6700B299D2 /* splitpayTests.swift */ = {isa = PBXFileReference; lastKnownFileType = sourcecode.swift; path = splitpayTests.swift; sourceTree = "<group>"; };
		3EB597752F2DCB6700B299D2 /* splitpayUITests.xctest */ = {isa = PBXFileReference; explicitFileType = wrapper.cfbundle; includeInIndex = 0; path = splitpayUITests.xctest; sourceTree = BUILT_PRODUCTS_DIR; };
		3EB597792F2DCB6700B299D2 /* splitpayUITests.swift */ = {isa = PBXFileReference; lastKnownFileType = sourcecode.swift; path = splitpayUITests.swift; sourceTree = "<group>"; };
		3EB5977B2F2DCB6700B299D2 /* splitpayUITestsLaunchTests.swift */ = {isa = PBXFileReference; lastKnownFileType = sourcecode.swift; path = splitpayUITestsLaunchTests.swift; sourceTree = "<group>"; };
		A1000001BBBBBBBB00000001 /* BillPreview.swift */ = {isa = PBXFileReference; lastKnownFileType = sourcecode.swift; path = BillPreview.swift; sourceTree = "<group>"; };
		A1000002BBBBBBBB00000002 /* CameraPreview.swift */ = {isa = PBXFileReference; lastKnownFileType = sourcecode.swift; path = CameraPreview.swift; sourceTree = "<group>"; };
		A1000003BBBBBBBB00000003 /* DemoNextPage.swift */ = {isa = PBXFileReference; lastKnownFileType = sourcecode.swift; path = DemoNextPage.swift; sourceTree = "<group>"; };
		A1000004BBBBBBBB00000004 /* GroupStatus.swift */ = {isa = PBXFileReference; lastKnownFileType = sourcecode.swift; path = GroupStatus.swift; sourceTree = "<group>"; };
		A1000005BBBBBBBB00000005 /* HomeView.swift */ = {isa = PBXFileReference; lastKnownFileType = sourcecode.swift; path = HomeView.swift; sourceTree = "<group>"; };
		A1000006BBBBBBBB00000006 /* MainHomeView.swift */ = {isa = PBXFileReference; lastKnownFileType = sourcecode.swift; path = MainHomeView.swift; sourceTree = "<group>"; };
		A1000007BBBBBBBB00000007 /* NetworkManager.swift */ = {isa = PBXFileReference; lastKnownFileType = sourcecode.swift; path = NetworkManager.swift; sourceTree = "<group>"; };
		A1000008BBBBBBBB00000008 /* PayBillView.swift */ = {isa = PBXFileReference; lastKnownFileType = sourcecode.swift; path = PayBillView.swift; sourceTree = "<group>"; };
		A1000009BBBBBBBB00000009 /* Payment.swift */ = {isa = PBXFileReference; lastKnownFileType = sourcecode.swift; path = Payment.swift; sourceTree = "<group>"; };
		A100000ABBBBBBBB0000000A /* PaymentSuccess.swift */ = {isa = PBXFileReference; lastKnownFileType = sourcecode.swift; path = PaymentSuccess.swift; sourceTree = "<group>"; };
		A100000BBBBBBBBB0000000B /* Restaurant.swift */ = {isa = PBXFileReference; lastKnownFileType = sourcecode.swift; path = Restaurant.swift; sourceTree = "<group>"; };
		A100000CBBBBBBBB0000000C /* RestaurantViewModel.swift */ = {isa = PBXFileReference; lastKnownFileType = sourcecode.swift; path = RestaurantViewModel.swift; sourceTree = "<group>"; };
		A100000DBBBBBBBB0000000D /* ScanQRView.swift */ = {isa = PBXFileReference; lastKnownFileType = sourcecode.swift; path = ScanQRView.swift; sourceTree = "<group>"; };
		A100000EBBBBBBBB0000000E /* SplashScreenView.swift */ = {isa = PBXFileReference; lastKnownFileType = sourcecode.swift; path = SplashScreenView.swift; sourceTree = "<group>"; };
/* End PBXFileReference section */

/* Begin PBXFrameworksBuildPhase section */
		3EB597572F2DCB6400B299D2 /* Frameworks */ = {
			isa = PBXFrameworksBuildPhase;
			buildActionMask = 2147483647;
			files = (
			);
			runOnlyForDeploymentPostprocessing = 0;
		};
		3EB597682F2DCB6700B299D2 /* Frameworks */ = {
			isa = PBXFrameworksBuildPhase;
			buildActionMask = 2147483647;
			files = (
			);
			runOnlyForDeploymentPostprocessing = 0;
		};
		3EB597722F2DCB6700B299D2 /* Frameworks */ = {
			isa = PBXFrameworksBuildPhase;
			buildActionMask = 2147483647;
			files = (
			);
			runOnlyForDeploymentPostprocessing = 0;
		};
/* End PBXFrameworksBuildPhase section */

/* Begin PBXGroup section */
		3EB597512F2DCB6400B299D2 = {
			isa = PBXGroup;
			children = (
				3EB5975C2F2DCB6400B299D2 /* splitpay */,
				3EB5976E2F2DCB6700B299D2 /* splitpayTests */,
				3EB597782F2DCB6700B299D2 /* splitpayUITests */,
				3EB5975B2F2DCB6400B299D2 /* Products */,
			);
			sourceTree = "<group>";
		};
		3EB5975B2F2DCB6400B299D2 /* Products */ = {
			isa = PBXGroup;
			children = (
				3EB5975A2F2DCB6400B299D2 /* splitpay.app */,
				3EB5976B2F2DCB6700B299D2 /* splitpayTests.xctest */,
				3EB597752F2DCB6700B299D2 /* splitpayUITests.xctest */,
			);
			name = Products;
			sourceTree = "<group>";
		};
		3EB5975C2F2DCB6400B299D2 /* splitpay */ = {
			isa = PBXGroup;
			children = (
				3EB5975D2F2DCB6400B299D2 /* splitpayApp.swift */,
				3EB5975F2F2DCB6400B299D2 /* ContentView.swift */,
				A1000001BBBBBBBB00000001 /* BillPreview.swift */,
				A1000002BBBBBBBB00000002 /* CameraPreview.swift */,
				A1000003BBBBBBBB00000003 /* DemoNextPage.swift */,
				A1000004BBBBBBBB00000004 /* GroupStatus.swift */,
				A1000005BBBBBBBB00000005 /* HomeView.swift */,
				A1000006BBBBBBBB00000006 /* MainHomeView.swift */,
				A1000007BBBBBBBB00000007 /* NetworkManager.swift */,
				A1000008BBBBBBBB00000008 /* PayBillView.swift */,
				A1000009BBBBBBBB00000009 /* Payment.swift */,
				A100000ABBBBBBBB0000000A /* PaymentSuccess.swift */,
				A100000BBBBBBBBB0000000B /* Restaurant.swift */,
				A100000CBBBBBBBB0000000C /* RestaurantViewModel.swift */,
				A100000DBBBBBBBB0000000D /* ScanQRView.swift */,
				A100000EBBBBBBBB0000000E /* SplashScreenView.swift */,
				3EB597612F2DCB6700B299D2 /* Assets.xcassets */,
				3EB597632F2DCB6700B299D2 /* splitpay.entitlements */,
				3EB597642F2DCB6700B299D2 /* Preview Content */,
			);
			path = splitpay;
			sourceTree = "<group>";
		};
		3EB597642F2DCB6700B299D2 /* Preview Content */ = {
			isa = PBXGroup;
			children = (
				3EB597652F2DCB6700B299D2 /* Preview Assets.xcassets */,
			);
			path = "Preview Content";
			sourceTree = "<group>";
		};
		3EB5976E2F2DCB6700B299D2 /* splitpayTests */ = {
			isa = PBXGroup;
			children = (
				3EB5976F2F2DCB6700B299D2 /* splitpayTests.swift */,
			);
			path = splitpayTests;
			sourceTree = "<group>";
		};
		3EB597782F2DCB6700B299D2 /* splitpayUITests */ = {
			isa = PBXGroup;
			children = (
				3EB597792F2DCB6700B299D2 /* splitpayUITests.swift */,
				3EB5977B2F2DCB6700B299D2 /* splitpayUITestsLaunchTests.swift */,
			);
			path = splitpayUITests;
			sourceTree = "<group>";
		};
/* End PBXGroup section */

/* Begin PBXNativeTarget section */
		3EB597592F2DCB6400B299D2 /* splitpay */ = {
			isa = PBXNativeTarget;
			buildConfigurationList = 3EB5977F2F2DCB6700B299D2 /* Build configuration list for PBXNativeTarget "splitpay" */;
			buildPhases = (
				3EB597562F2DCB6400B299D2 /* Sources */,
				3EB597572F2DCB6400B299D2 /* Frameworks */,
				3EB597582F2DCB6400B299D2 /* Resources */,
			);
			buildRules = (
			);
			dependencies = (
			);
			name = splitpay;
			productName = splitpay;
			productReference = 3EB5975A2F2DCB6400B299D2 /* splitpay.app */;
			productType = "com.apple.product-type.application";
		};
		3EB5976A2F2DCB6700B299D2 /* splitpayTests */ = {
			isa = PBXNativeTarget;
			buildConfigurationList = 3EB597822F2DCB6700B299D2 /* Build configuration list for PBXNativeTarget "splitpayTests" */;
			buildPhases = (
				3EB597672F2DCB6700B299D2 /* Sources */,
				3EB597682F2DCB6700B299D2 /* Frameworks */,
				3EB597692F2DCB6700B299D2 /* Resources */,
			);
			buildRules = (
			);
			dependencies = (
				3EB5976D2F2DCB6700B299D2 /* PBXTargetDependency */,
			);
			name = splitpayTests;
			productName = splitpayTests;
			productReference = 3EB5976B2F2DCB6700B299D2 /* splitpayTests.xctest */;
			productType = "com.apple.product-type.bundle.unit-test";
		};
		3EB597742F2DCB6700B299D2 /* splitpayUITests */ = {
			isa = PBXNativeTarget;
			buildConfigurationList = 3EB597852F2DCB6700B299D2 /* Build configuration list for PBXNativeTarget "splitpayUITests" */;
			buildPhases = (
				3EB597712F2DCB6700B299D2 /* Sources */,
				3EB597722F2DCB6700B299D2 /* Frameworks */,
				3EB597732F2DCB6700B299D2 /* Resources */,
			);
			buildRules = (
			);
			dependencies = (
				3EB597772F2DCB6700B299D2 /* PBXTargetDependency */,
			);
			name = splitpayUITests;
			productName = splitpayUITests;
			productReference = 3EB597752F2DCB6700B299D2 /* splitpayUITests.xctest */;
			productType = "com.apple.product-type.bundle.ui-testing";
		};
/* End PBXNativeTarget section */

/* Begin PBXProject section */
		3EB597522F2DCB6400B299D2 /* Project object */ = {
			isa = PBXProject;
			attributes = {
				BuildIndependentTargetsInParallel = 1;
				LastSwiftUpdateCheck = 1520;
				LastUpgradeCheck = 1520;
				TargetAttributes = {
					3EB597592F2DCB6400B299D2 = {
						CreatedOnToolsVersion = 15.2;
					};
					3EB5976A2F2DCB6700B299D2 = {
						CreatedOnToolsVersion = 15.2;
						TestTargetID = 3EB597592F2DCB6400B299D2;
					};
					3EB597742F2DCB6700B299D2 = {
						CreatedOnToolsVersion = 15.2;
						TestTargetID = 3EB597592F2DCB6400B299D2;
					};
				};
			};
			buildConfigurationList = 3EB597552F2DCB6400B299D2 /* Build configuration list for PBXProject "splitpay" */;
			compatibilityVersion = "Xcode 14.0";
			developmentRegion = en;
			hasScannedForEncodings = 0;
			knownRegions = (
				en,
				Base,
			);
			mainGroup = 3EB597512F2DCB6400B299D2;
			productRefGroup = 3EB5975B2F2DCB6400B299D2 /* Products */;
			projectDirPath = "";
			projectRoot = "";
			targets = (
				3EB597592F2DCB6400B299D2 /* splitpay */,
				3EB5976A2F2DCB6700B299D2 /* splitpayTests */,
				3EB597742F2DCB6700B299D2 /* splitpayUITests */,
			);
		};
/* End PBXProject section */

/* Begin PBXResourcesBuildPhase section */
		3EB597582F2DCB6400B299D2 /* Resources */ = {
			isa = PBXResourcesBuildPhase;
			buildActionMask = 2147483647;
			files = (
				3EB597662F2DCB6700B299D2 /* Preview Assets.xcassets in Resources */,
				3EB597622F2DCB6700B299D2 /* Assets.xcassets in Resources */,
			);
			runOnlyForDeploymentPostprocessing = 0;
		};
		3EB597692F2DCB6700B299D2 /* Resources */ = {
			isa = PBXResourcesBuildPhase;
			buildActionMask = 2147483647;
			files = (
			);
			runOnlyForDeploymentPostprocessing = 0;
		};
		3EB597732F2DCB6700B299D2 /* Resources */ = {
			isa = PBXResourcesBuildPhase;
			buildActionMask = 2147483647;
			files = (
			);
			runOnlyForDeploymentPostprocessing = 0;
		};
/* End PBXResourcesBuildPhase section */

/* Begin PBXSourcesBuildPhase section */
		3EB597562F2DCB6400B299D2 /* Sources */ = {
			isa = PBXSourcesBuildPhase;
			buildActionMask = 2147483647;
			files = (
				3EB597602F2DCB6400B299D2 /* ContentView.swift in Sources */,
				3EB5975E2F2DCB6400B299D2 /* splitpayApp.swift in Sources */,
				A1000001AAAAAAAA00000001 /* BillPreview.swift in Sources */,
				A1000002AAAAAAAA00000002 /* CameraPreview.swift in Sources */,
				A1000003AAAAAAAA00000003 /* DemoNextPage.swift in Sources */,
				A1000004AAAAAAAA00000004 /* GroupStatus.swift in Sources */,
				A1000005AAAAAAAA00000005 /* HomeView.swift in Sources */,
				A1000006AAAAAAAA00000006 /* MainHomeView.swift in Sources */,
				A1000007AAAAAAAA00000007 /* NetworkManager.swift in Sources */,
				A1000008AAAAAAAA00000008 /* PayBillView.swift in Sources */,
				A1000009AAAAAAAA00000009 /* Payment.swift in Sources */,
				A100000AAAAAAAAA0000000A /* PaymentSuccess.swift in Sources */,
				A100000BAAAAAAAA0000000B /* Restaurant.swift in Sources */,
				A100000CAAAAAAAA0000000C /* RestaurantViewModel.swift in Sources */,
				A100000DAAAAAAAA0000000D /* ScanQRView.swift in Sources */,
				A100000EAAAAAAAA0000000E /* SplashScreenView.swift in Sources */,
			);
			runOnlyForDeploymentPostprocessing = 0;
		};
		3EB597672F2DCB6700B299D2 /* Sources */ = {
			isa = PBXSourcesBuildPhase;
			buildActionMask = 2147483647;
			files = (
				3EB597702F2DCB6700B299D2 /* splitpayTests.swift in Sources */,
			);
			runOnlyForDeploymentPostprocessing = 0;
		};
		3EB597712F2DCB6700B299D2 /* Sources */ = {
			isa = PBXSourcesBuildPhase;
			buildActionMask = 2147483647;
			files = (
				3EB5977C2F2DCB6700B299D2 /* splitpayUITestsLaunchTests.swift in Sources */,
				3EB5977A2F2DCB6700B299D2 /* splitpayUITests.swift in Sources */,
			);
			runOnlyForDeploymentPostprocessing = 0;
		};
/* End PBXSourcesBuildPhase section */

/* Begin PBXTargetDependency section */
		3EB5976D2F2DCB6700B299D2 /* PBXTargetDependency */ = {
			isa = PBXTargetDependency;
			target = 3EB597592F2DCB6400B299D2 /* splitpay */;
			targetProxy = 3EB5976C2F2DCB6700B299D2 /* PBXContainerItemProxy */;
		};
		3EB597772F2DCB6700B299D2 /* PBXTargetDependency */ = {
			isa = PBXTargetDependency;
			target = 3EB597592F2DCB6400B299D2 /* splitpay */;
			targetProxy = 3EB597762F2DCB6700B299D2 /* PBXContainerItemProxy */;
		};
/* End PBXTargetDependency section */

/* Begin XCBuildConfiguration section */
		3EB5977D2F2DCB6700B299D2 /* Debug */ = {
			isa = XCBuildConfiguration;
			buildSettings = {
				ALWAYS_SEARCH_USER_PATHS = NO;
				ASSETCATALOG_COMPILER_GENERATE_SWIFT_ASSET_SYMBOL_EXTENSIONS = YES;
				CLANG_ANALYZER_NONNULL = YES;
				CLANG_ANALYZER_NUMBER_OBJECT_CONVERSION = YES_AGGRESSIVE;
				CLANG_CXX_LANGUAGE_STANDARD = "gnu++20";
				CLANG_ENABLE_MODULES = YES;
				CLANG_ENABLE_OBJC_ARC = YES;
				CLANG_ENABLE_OBJC_WEAK = YES;
				CLANG_WARN_BLOCK_CAPTURE_AUTORELEASING = YES;
				CLANG_WARN_BOOL_CONVERSION = YES;
				CLANG_WARN_COMMA = YES;
				CLANG_WARN_CONSTANT_CONVERSION = YES;
				CLANG_WARN_DEPRECATED_OBJC_IMPLEMENTATIONS = YES;
				CLANG_WARN_DIRECT_OBJC_ISA_USAGE = YES_ERROR;
				CLANG_WARN_DOCUMENTATION_COMMENTS = YES;
				CLANG_WARN_EMPTY_BODY = YES;
				CLANG_WARN_ENUM_CONVERSION = YES;
				CLANG_WARN_INFINITE_RECURSION = YES;
				CLANG_WARN_INT_CONVERSION = YES;
				CLANG_WARN_NON_LITERAL_NULL_CONVERSION = YES;
				CLANG_WARN_OBJC_IMPLICIT_RETAIN_SELF = YES;
				CLANG_WARN_OBJC_LITERAL_CONVERSION = YES;
				CLANG_WARN_OBJC_ROOT_CLASS = YES_ERROR;
				CLANG_WARN_QUOTED_INCLUDE_IN_FRAMEWORK_HEADER = YES;
				CLANG_WARN_RANGE_LOOP_ANALYSIS = YES;
				CLANG_WARN_STRICT_PROTOTYPES = YES;
				CLANG_WARN_SUSPICIOUS_MOVE = YES;
				CLANG_WARN_UNGUARDED_AVAILABILITY = YES_AGGRESSIVE;
				CLANG_WARN_UNREACHABLE_CODE = YES;
				CLANG_WARN__DUPLICATE_METHOD_MATCH = YES;
				COPY_PHASE_STRIP = NO;
				DEBUG_INFORMATION_FORMAT = dwarf;
				ENABLE_STRICT_OBJC_MSGSEND = YES;
				ENABLE_TESTABILITY = YES;
				ENABLE_USER_SCRIPT_SANDBOXING = YES;
				GCC_C_LANGUAGE_STANDARD = gnu17;
				GCC_DYNAMIC_NO_PIC = NO;
				GCC_NO_COMMON_BLOCKS = YES;
				GCC_OPTIMIZATION_LEVEL = 0;
				GCC_PREPROCESSOR_DEFINITIONS = (
					"DEBUG=1",
					"$(inherited)",
				);
				GCC_WARN_64_TO_32_BIT_CONVERSION = YES;
				GCC_WARN_ABOUT_RETURN_TYPE = YES_ERROR;
				GCC_WARN_UNDECLARED_SELECTOR = YES;
				GCC_WARN_UNINITIALIZED_AUTOS = YES_AGGRESSIVE;
				GCC_WARN_UNUSED_FUNCTION = YES;
				GCC_WARN_UNUSED_VARIABLE = YES;
				LOCALIZATION_PREFERS_STRING_CATALOGS = YES;
				MTL_ENABLE_DEBUG_INFO = INCLUDE_SOURCE;
				MTL_FAST_MATH = YES;
				ONLY_ACTIVE_ARCH = YES;
				SWIFT_ACTIVE_COMPILATION_CONDITIONS = "DEBUG $(inherited)";
				SWIFT_OPTIMIZATION_LEVEL = "-Onone";
			};
			name = Debug;
		};
		3EB5977E2F2DCB6700B299D2 /* Release */ = {
			isa = XCBuildConfiguration;
			buildSettings = {
				ALWAYS_SEARCH_USER_PATHS = NO;
				ASSETCATALOG_COMPILER_GENERATE_SWIFT_ASSET_SYMBOL_EXTENSIONS = YES;
				CLANG_ANALYZER_NONNULL = YES;
				CLANG_ANALYZER_NUMBER_OBJECT_CONVERSION = YES_AGGRESSIVE;
				CLANG_CXX_LANGUAGE_STANDARD = "gnu++20";
				CLANG_ENABLE_MODULES = YES;
				CLANG_ENABLE_OBJC_ARC = YES;
				CLANG_ENABLE_OBJC_WEAK = YES;
				CLANG_WARN_BLOCK_CAPTURE_AUTORELEASING = YES;
				CLANG_WARN_BOOL_CONVERSION = YES;
				CLANG_WARN_COMMA = YES;
				CLANG_WARN_CONSTANT_CONVERSION = YES;
				CLANG_WARN_DEPRECATED_OBJC_IMPLEMENTATIONS = YES;
				CLANG_WARN_DIRECT_OBJC_ISA_USAGE = YES_ERROR;
				CLANG_WARN_DOCUMENTATION_COMMENTS = YES;
				CLANG_WARN_EMPTY_BODY = YES;
				CLANG_WARN_ENUM_CONVERSION = YES;
				CLANG_WARN_INFINITE_RECURSION = YES;
				CLANG_WARN_INT_CONVERSION = YES;
				CLANG_WARN_NON_LITERAL_NULL_CONVERSION = YES;
				CLANG_WARN_OBJC_IMPLICIT_RETAIN_SELF = YES;
				CLANG_WARN_OBJC_LITERAL_CONVERSION = YES;
				CLANG_WARN_OBJC_ROOT_CLASS = YES_ERROR;
				CLANG_WARN_QUOTED_INCLUDE_IN_FRAMEWORK_HEADER = YES;
				CLANG_WARN_RANGE_LOOP_ANALYSIS = YES;
				CLANG_WARN_STRICT_PROTOTYPES = YES;
				CLANG_WARN_SUSPICIOUS_MOVE = YES;
				CLANG_WARN_UNGUARDED_AVAILABILITY = YES_AGGRESSIVE;
				CLANG_WARN_UNREACHABLE_CODE = YES;
				CLANG_WARN__DUPLICATE_METHOD_MATCH = YES;
				COPY_PHASE_STRIP = NO;
				DEBUG_INFORMATION_FORMAT = "dwarf-with-dsym";
				ENABLE_NS_ASSERTIONS = NO;
				ENABLE_STRICT_OBJC_MSGSEND = YES;
				ENABLE_USER_SCRIPT_SANDBOXING = YES;
				GCC_C_LANGUAGE_STANDARD = gnu17;
				GCC_NO_COMMON_BLOCKS = YES;
				GCC_WARN_64_TO_32_BIT_CONVERSION = YES;
				GCC_WARN_ABOUT_RETURN_TYPE = YES_ERROR;
				GCC_WARN_UNDECLARED_SELECTOR = YES;
				GCC_WARN_UNINITIALIZED_AUTOS = YES_AGGRESSIVE;
				GCC_WARN_UNUSED_FUNCTION = YES;
				GCC_WARN_UNUSED_VARIABLE = YES;
				LOCALIZATION_PREFERS_STRING_CATALOGS = YES;
				MTL_ENABLE_DEBUG_INFO = NO;
				MTL_FAST_MATH = YES;
				SWIFT_COMPILATION_MODE = wholemodule;
			};
			name = Release;
		};
		3EB597802F2DCB6700B299D2 /* Debug */ = {
			isa = XCBuildConfiguration;
			buildSettings = {
				ASSETCATALOG_COMPILER_APPICON_NAME = AppIcon;
				ASSETCATALOG_COMPILER_GLOBAL_ACCENT_COLOR_NAME = AccentColor;
				CODE_SIGN_ENTITLEMENTS = splitpay/splitpay.entitlements;
				CODE_SIGN_STYLE = Automatic;
				CURRENT_PROJECT_VERSION = 1;
				DEVELOPMENT_ASSET_PATHS = "\"splitpay/Preview Content\"";
				DEVELOPMENT_TEAM = 847D92B8WL;
				ENABLE_HARDENED_RUNTIME = YES;
				ENABLE_PREVIEWS = YES;
				GENERATE_INFOPLIST_FILE = YES;
				INFOPLIST_FILE = splitpay/Info.plist;
				INFOPLIST_KEY_NSCameraUsageDescription = "This app needs camera access to scan QR codes for table identification.";
				"INFOPLIST_KEY_UIApplicationSceneManifest_Generation[sdk=iphoneos*]" = YES;
				"INFOPLIST_KEY_UIApplicationSceneManifest_Generation[sdk=iphonesimulator*]" = YES;
				"INFOPLIST_KEY_UIApplicationSupportsIndirectInputEvents[sdk=iphoneos*]" = YES;
				"INFOPLIST_KEY_UIApplicationSupportsIndirectInputEvents[sdk=iphonesimulator*]" = YES;
				"INFOPLIST_KEY_UILaunchScreen_Generation[sdk=iphoneos*]" = YES;
				"INFOPLIST_KEY_UILaunchScreen_Generation[sdk=iphonesimulator*]" = YES;
				"INFOPLIST_KEY_UIStatusBarStyle[sdk=iphoneos*]" = UIStatusBarStyleDefault;
				"INFOPLIST_KEY_UIStatusBarStyle[sdk=iphonesimulator*]" = UIStatusBarStyleDefault;
				INFOPLIST_KEY_UISupportedInterfaceOrientations_iPad = "UIInterfaceOrientationPortrait UIInterfaceOrientationPortraitUpsideDown UIInterfaceOrientationLandscapeLeft UIInterfaceOrientationLandscapeRight";
				INFOPLIST_KEY_UISupportedInterfaceOrientations_iPhone = "UIInterfaceOrientationPortrait UIInterfaceOrientationLandscapeLeft UIInterfaceOrientationLandscapeRight";
				IPHONEOS_DEPLOYMENT_TARGET = 17.2;
				LD_RUNPATH_SEARCH_PATHS = "@executable_path/Frameworks";
				"LD_RUNPATH_SEARCH_PATHS[sdk=macosx*]" = "@executable_path/../Frameworks";
				MACOSX_DEPLOYMENT_TARGET = 13.7;
				MARKETING_VERSION = 1.0;
				PRODUCT_BUNDLE_IDENTIFIER = eazy.splitpay;
				PRODUCT_NAME = "$(TARGET_NAME)";
				SDKROOT = auto;
				SUPPORTED_PLATFORMS = "iphoneos iphonesimulator macosx";
				SWIFT_EMIT_LOC_STRINGS = YES;
				SWIFT_VERSION = 5.0;
				TARGETED_DEVICE_FAMILY = "1,2";
			};
			name = Debug;
		};
		3EB597812F2DCB6700B299D2 /* Release */ = {
			isa = XCBuildConfiguration;
			buildSettings = {
				ASSETCATALOG_COMPILER_APPICON_NAME = AppIcon;
				ASSETCATALOG_COMPILER_GLOBAL_ACCENT_COLOR_NAME = AccentColor;
				CODE_SIGN_ENTITLEMENTS = splitpay/splitpay.entitlements;
				CODE_SIGN_STYLE = Automatic;
				CURRENT_PROJECT_VERSION = 1;
				DEVELOPMENT_ASSET_PATHS = "\"splitpay/Preview Content\"";
				DEVELOPMENT_TEAM = 847D92B8WL;
				ENABLE_HARDENED_RUNTIME = YES;
				ENABLE_PREVIEWS = YES;
				GENERATE_INFOPLIST_FILE = YES;
				INFOPLIST_FILE = splitpay/Info.plist;
				INFOPLIST_KEY_NSCameraUsageDescription = "This app needs camera access to scan QR codes for table identification.";
				"INFOPLIST_KEY_UIApplicationSceneManifest_Generation[sdk=iphoneos*]" = YES;
				"INFOPLIST_KEY_UIApplicationSceneManifest_Generation[sdk=iphonesimulator*]" = YES;
				"INFOPLIST_KEY_UIApplicationSupportsIndirectInputEvents[sdk=iphoneos*]" = YES;
				"INFOPLIST_KEY_UIApplicationSupportsIndirectInputEvents[sdk=iphonesimulator*]" = YES;
				"INFOPLIST_KEY_UILaunchScreen_Generation[sdk=iphoneos*]" = YES;
				"INFOPLIST_KEY_UILaunchScreen_Generation[sdk=iphonesimulator*]" = YES;
				"INFOPLIST_KEY_UIStatusBarStyle[sdk=iphoneos*]" = UIStatusBarStyleDefault;
				"INFOPLIST_KEY_UIStatusBarStyle[sdk=iphonesimulator*]" = UIStatusBarStyleDefault;
				INFOPLIST_KEY_UISupportedInterfaceOrientations_iPad = "UIInterfaceOrientationPortrait UIInterfaceOrientationPortraitUpsideDown UIInterfaceOrientationLandscapeLeft UIInterfaceOrientationLandscapeRight";
				INFOPLIST_KEY_UISupportedInterfaceOrientations_iPhone = "UIInterfaceOrientationPortrait UIInterfaceOrientationLandscapeLeft UIInterfaceOrientationLandscapeRight";
				IPHONEOS_DEPLOYMENT_TARGET = 17.2;
				LD_RUNPATH_SEARCH_PATHS = "@executable_path/Frameworks";
				"LD_RUNPATH_SEARCH_PATHS[sdk=macosx*]" = "@executable_path/../Frameworks";
				MACOSX_DEPLOYMENT_TARGET = 13.7;
				MARKETING_VERSION = 1.0;
				PRODUCT_BUNDLE_IDENTIFIER = eazy.splitpay;
				PRODUCT_NAME = "$(TARGET_NAME)";
				SDKROOT = auto;
				SUPPORTED_PLATFORMS = "iphoneos iphonesimulator macosx";
				SWIFT_EMIT_LOC_STRINGS = YES;
				SWIFT_VERSION = 5.0;
				TARGETED_DEVICE_FAMILY = "1,2";
			};
			name = Release;
		};
		3EB597832F2DCB6700B299D2 /* Debug */ = {
			isa = XCBuildConfiguration;
			buildSettings = {
				ALWAYS_EMBED_SWIFT_STANDARD_LIBRARIES = YES;
				BUNDLE_LOADER = "$(TEST_HOST)";
				CODE_SIGN_STYLE = Automatic;
				CURRENT_PROJECT_VERSION = 1;
				DEVELOPMENT_TEAM = 847D92B8WL;
				GENERATE_INFOPLIST_FILE = YES;
				IPHONEOS_DEPLOYMENT_TARGET = 17.2;
				MACOSX_DEPLOYMENT_TARGET = 13.7;
				MARKETING_VERSION = 1.0;
				PRODUCT_BUNDLE_IDENTIFIER = eazy.splitpayTests;
				PRODUCT_NAME = "$(TARGET_NAME)";
				SDKROOT = auto;
				SUPPORTED_PLATFORMS = "iphoneos iphonesimulator macosx";
				SWIFT_EMIT_LOC_STRINGS = NO;
				SWIFT_VERSION = 5.0;
				TARGETED_DEVICE_FAMILY = "1,2";
				TEST_HOST = "$(BUILT_PRODUCTS_DIR)/splitpay.app/$(BUNDLE_EXECUTABLE_FOLDER_PATH)/splitpay";
			};
			name = Debug;
		};
		3EB597842F2DCB6700B299D2 /* Release */ = {
			isa = XCBuildConfiguration;
			buildSettings = {
				ALWAYS_EMBED_SWIFT_STANDARD_LIBRARIES = YES;
				BUNDLE_LOADER = "$(TEST_HOST)";
				CODE_SIGN_STYLE = Automatic;
				CURRENT_PROJECT_VERSION = 1;
				DEVELOPMENT_TEAM = 847D92B8WL;
				GENERATE_INFOPLIST_FILE = YES;
				IPHONEOS_DEPLOYMENT_TARGET = 17.2;
				MACOSX_DEPLOYMENT_TARGET = 13.7;
				MARKETING_VERSION = 1.0;
				PRODUCT_BUNDLE_IDENTIFIER = eazy.splitpayTests;
				PRODUCT_NAME = "$(TARGET_NAME)";
				SDKROOT = auto;
				SUPPORTED_PLATFORMS = "iphoneos iphonesimulator macosx";
				SWIFT_EMIT_LOC_STRINGS = NO;
				SWIFT_VERSION = 5.0;
				TARGETED_DEVICE_FAMILY = "1,2";
				TEST_HOST = "$(BUILT_PRODUCTS_DIR)/splitpay.app/$(BUNDLE_EXECUTABLE_FOLDER_PATH)/splitpay";
			};
			name = Release;
		};
		3EB597862F2DCB6700B299D2 /* Debug */ = {
			isa = XCBuildConfiguration;
			buildSettings = {
				ALWAYS_EMBED_SWIFT_STANDARD_LIBRARIES = YES;
				CODE_SIGN_STYLE = Automatic;
				CURRENT_PROJECT_VERSION = 1;
				DEVELOPMENT_TEAM = 847D92B8WL;
				GENERATE_INFOPLIST_FILE = YES;
				IPHONEOS_DEPLOYMENT_TARGET = 17.2;
				MACOSX_DEPLOYMENT_TARGET = 13.7;
				MARKETING_VERSION = 1.0;
				PRODUCT_BUNDLE_IDENTIFIER = eazy.splitpayUITests;
				PRODUCT_NAME = "$(TARGET_NAME)";
				SDKROOT = auto;
				SUPPORTED_PLATFORMS = "iphoneos iphonesimulator macosx";
				SWIFT_EMIT_LOC_STRINGS = NO;
				SWIFT_VERSION = 5.0;
				TARGETED_DEVICE_FAMILY = "1,2";
				TEST_TARGET_NAME = splitpay;
			};
			name = Debug;
		};
		3EB597872F2DCB6700B299D2 /* Release */ = {
			isa = XCBuildConfiguration;
			buildSettings = {
				ALWAYS_EMBED_SWIFT_STANDARD_LIBRARIES = YES;
				CODE_SIGN_STYLE = Automatic;
				CURRENT_PROJECT_VERSION = 1;
				DEVELOPMENT_TEAM = 847D92B8WL;
				GENERATE_INFOPLIST_FILE = YES;
				IPHONEOS_DEPLOYMENT_TARGET = 17.2;
				MACOSX_DEPLOYMENT_TARGET = 13.7;
				MARKETING_VERSION = 1.0;
				PRODUCT_BUNDLE_IDENTIFIER = eazy.splitpayUITests;
				PRODUCT_NAME = "$(TARGET_NAME)";
				SDKROOT = auto;
				SUPPORTED_PLATFORMS = "iphoneos iphonesimulator macosx";
				SWIFT_EMIT_LOC_STRINGS = NO;
				SWIFT_VERSION = 5.0;
				TARGETED_DEVICE_FAMILY = "1,2";
				TEST_TARGET_NAME = splitpay;
			};
			name = Release;
		};
/* End XCBuildConfiguration section */

/* Begin XCConfigurationList section */
		3EB597552F2DCB6400B299D2 /* Build configuration list for PBXProject "splitpay" */ = {
			isa = XCConfigurationList;
			buildConfigurations = (
				3EB5977D2F2DCB6700B299D2 /* Debug */,
				3EB5977E2F2DCB6700B299D2 /* Release */,
			);
			defaultConfigurationIsVisible = 0;
			defaultConfigurationName = Release;
		};
		3EB5977F2F2DCB6700B299D2 /* Build configuration list for PBXNativeTarget "splitpay" */ = {
			isa = XCConfigurationList;
			buildConfigurations = (
				3EB597802F2DCB6700B299D2 /* Debug */,
				3EB597812F2DCB6700B299D2 /* Release */,
			);
			defaultConfigurationIsVisible = 0;
			defaultConfigurationName = Release;
		};
		3EB597822F2DCB6700B299D2 /* Build configuration list for PBXNativeTarget "splitpayTests" */ = {
			isa = XCConfigurationList;
			buildConfigurations = (
				3EB597832F2DCB6700B299D2 /* Debug */,
				3EB597842F2DCB6700B299D2 /* Release */,
			);
			defaultConfigurationIsVisible = 0;
			defaultConfigurationName = Release;
		};
		3EB597852F2DCB6700B299D2 /* Build configuration list for PBXNativeTarget "splitpayUITests" */ = {
			isa = XCConfigurationList;
			buildConfigurations = (
				3EB597862F2DCB6700B299D2 /* Debug */,
				3EB597872F2DCB6700B299D2 /* Release */,
			);
			defaultConfigurationIsVisible = 0;
			defaultConfigurationName = Release;
		};
/* End XCConfigurationList section */
	};
	rootObject = 3EB597522F2DCB6400B299D2 /* Project object */;
}
